
Microsoft Visual Studio Solution File, Format Version 12.00
# Visual Studio Version 17
VisualStudioVersion = 17.0.31903.59
MinimumVisualStudioVersion = 10.0.40219.1
Project("{2150E333-8FDC-42A3-9474-1A3956D46DE8}") = "src", "src", "{F55CA2E7-989B-4FE2-8071-66F0E08F3085}"
EndProject
Project("{FAE04EC0-301F-11D3-BF4B-00C04F79EFBC}") = "QrAttendanceApi.Core", "src\QrAttendanceApi.Core\QrAttendanceApi.Core.csproj", "{71AB8A73-9195-4ED6-8D9D-901E38E911F2}"
EndProject
Project("{FAE04EC0-301F-11D3-BF4B-00C04F79EFBC}") = "QrAttendanceApi.Domain", "src\QrAttendanceApi.Domain\QrAttendanceApi.Domain.csproj", "{990D2219-CDFB-41C1-990A-C446C1C34A21}"
EndProject
Project("{FAE04EC0-301F-11D3-BF4B-00C04F79EFBC}") = "QrAttendanceApi.Application", "src\QrAttendanceApi.Application\QrAttendanceApi.Application.csproj", "{98A2656A-E409-4897-AE1B-0157AD026C95}"
EndProject
Project("{FAE04EC0-301F-11D3-BF4B-00C04F79EFBC}") = "QrAttendanceApi.Infrastructure", "src\QrAttendanceApi.Infrastructure\QrAttendanceApi.Infrastructure.csproj", "{299BBB2B-8B1F-4C03-BDDA-871E0B359702}"
EndProject
Global
	GlobalSection(SolutionConfigurationPlatforms) = preSolution
		Debug|Any CPU = Debug|Any CPU
		Release|Any CPU = Release|Any CPU
	EndGlobalSection
	GlobalSection(ProjectConfigurationPlatforms) = postSolution
		{71AB8A73-9195-4ED6-8D9D-901E38E911F2}.Debug|Any CPU.ActiveCfg = Debug|Any CPU
		{71AB8A73-9195-4ED6-8D9D-901E38E911F2}.Debug|Any CPU.Build.0 = Debug|Any CPU
		{71AB8A73-9195-4ED6-8D9D-901E38E911F2}.Release|Any CPU.ActiveCfg = Release|Any CPU
		{71AB8A73-9195-4ED6-8D9D-901E38E911F2}.Release|Any CPU.Build.0 = Release|Any CPU
		{990D2219-CDFB-41C1-990A-C446C1C34A21}.Debug|Any CPU.ActiveCfg = Debug|Any CPU
		{990D2219-CDFB-41C1-990A-C446C1C34A21}.Debug|Any CPU.Build.0 = Debug|Any CPU
		{990D2219-CDFB-41C1-990A-C446C1C34A21}.Release|Any CPU.ActiveCfg = Release|Any CPU
		{990D2219-CDFB-41C1-990A-C446C1C34A21}.Release|Any CPU.Build.0 = Release|Any CPU
		{98A2656A-E409-4897-AE1B-0157AD026C95}.Debug|Any CPU.ActiveCfg = Debug|Any CPU
		{98A2656A-E409-4897-AE1B-0157AD026C95}.Debug|Any CPU.Build.0 = Debug|Any CPU
		{98A2656A-E409-4897-AE1B-0157AD026C95}.Release|Any CPU.ActiveCfg = Release|Any CPU
		{98A2656A-E409-4897-AE1B-0157AD026C95}.Release|Any CPU.Build.0 = Release|Any CPU
		{299BBB2B-8B1F-4C03-BDDA-871E0B359702}.Debug|Any CPU.ActiveCfg = Debug|Any CPU
		{299BBB2B-8B1F-4C03-BDDA-871E0B359702}.Debug|Any CPU.Build.0 = Debug|Any CPU
		{299BBB2B-8B1F-4C03-BDDA-871E0B359702}.Release|Any CPU.ActiveCfg = Release|Any CPU
		{299BBB2B-8B1F-4C03-BDDA-871E0B359702}.Release|Any CPU.Build.0 = Release|Any CPU
	EndGlobalSection
	GlobalSection(SolutionProperties) = preSolution
		HideSolutionNode = FALSE
	EndGlobalSection
	GlobalSection(NestedProjects) = preSolution
		{71AB8A73-9195-4ED6-8D9D-901E38E911F2} = {F55CA2E7-989B-4FE2-8071-66F0E08F3085}
		{990D2219-CDFB-41C1-990A-C446C1C34A21} = {F55CA2E7-989B-4FE2-8071-66F0E08F3085}
		{98A2656A-E409-4897-AE1B-0157AD026C95} = {F55CA2E7-989B-4FE2-8071-66F0E08F3085}
		{299BBB2B-8B1F-4C03-BDDA-871E0B359702} = {F55CA2E7-989B-4FE2-8071-66F0E08F3085}
	EndGlobalSection
	GlobalSection(ExtensibilityGlobals) = postSolution
		SolutionGuid = {C24C1588-8B1C-45E3-A829-1C90DA20C8BF}
	EndGlobalSection
EndGlobal
